// !$*UTF8*$!
{
	archiveVersion = 1;
	classes = {
	};
	objectVersion = 56;
	objects = {

/* Begin PBXBuildFile section */
		A48CD09E2B2E2D0F0078B989 /* AppDelegate.swift in Sources */ = {isa = PBXBuildFile; fileRef = A48CD09D2B2E2D0F0078B989 /* AppDelegate.swift */; };
		A48CD0A02B2E2D0F0078B989 /* SceneDelegate.swift in Sources */ = {isa = PBXBuildFile; fileRef = A48CD09F2B2E2D0F0078B989 /* SceneDelegate.swift */; };
		A48CD0A22B2E2D0F0078B989 /* ViewController.swift in Sources */ = {isa = PBXBuildFile; fileRef = A48CD0A12B2E2D0F0078B989 /* ViewController.swift */; };
		A48CD0A72B2E2D100078B989 /* Assets.xcassets in Resources */ = {isa = PBXBuildFile; fileRef = A48CD0A62B2E2D100078B989 /* Assets.xcassets */; };
		A48CD0AA2B2E2D100078B989 /* LaunchScreen.storyboard in Resources */ = {isa = PBXBuildFile; fileRef = A48CD0A82B2E2D100078B989 /* LaunchScreen.storyboard */; };
		A48CD0B52B2E2D100078B989 /* Project9Tests.swift in Sources */ = {isa = PBXBuildFile; fileRef = A48CD0B42B2E2D100078B989 /* Project9Tests.swift */; };
		A48CD0BF2B2E2D100078B989 /* Project9UITests.swift in Sources */ = {isa = PBXBuildFile; fileRef = A48CD0BE2B2E2D100078B989 /* Project9UITests.swift */; };
		A48CD0C12B2E2D100078B989 /* Project9UITestsLaunchTests.swift in Sources */ = {isa = PBXBuildFile; fileRef = A48CD0C02B2E2D100078B989 /* Project9UITestsLaunchTests.swift */; };
		A48CD0D32B2E2D730078B989 /* DetailViewController.swift in Sources */ = {isa = PBXBuildFile; fileRef = A48CD0CE2B2E2D730078B989 /* DetailViewController.swift */; };
		A48CD0D42B2E2D730078B989 /* Petitions.swift in Sources */ = {isa = PBXBuildFile; fileRef = A48CD0CF2B2E2D730078B989 /* Petitions.swift */; };
		A48CD0D52B2E2D730078B989 /* Petition.swift in Sources */ = {isa = PBXBuildFile; fileRef = A48CD0D02B2E2D730078B989 /* Petition.swift */; };
		A48CD0D62B2E2D730078B989 /* Main.storyboard in Resources */ = {isa = PBXBuildFile; fileRef = A48CD0D12B2E2D730078B989 /* Main.storyboard */; };
/* End PBXBuildFile section */

/* Begin PBXContainerItemProxy section */
		A48CD0B12B2E2D100078B989 /* PBXContainerItemProxy */ = {
			isa = PBXContainerItemProxy;
			containerPortal = A48CD0922B2E2D0F0078B989 /* Project object */;
			proxyType = 1;
			remoteGlobalIDString = A48CD0992B2E2D0F0078B989;
			remoteInfo = Project9;
		};
		A48CD0BB2B2E2D100078B989 /* PBXContainerItemProxy */ = {
			isa = PBXContainerItemProxy;
			containerPortal = A48CD0922B2E2D0F0078B989 /* Project object */;
			proxyType = 1;
			remoteGlobalIDString = A48CD0992B2E2D0F0078B989;
			remoteInfo = Project9;
		};
/* End PBXContainerItemProxy section */

/* Begin PBXFileReference section */
		A48CD09A2B2E2D0F0078B989 /* Project9.app */ = {isa = PBXFileReference; explicitFileType = wrapper.application; includeInIndex = 0; path = Project9.app; sourceTree = BUILT_PRODUCTS_DIR; };
		A48CD09D2B2E2D0F0078B989 /* AppDelegate.swift */ = {isa = PBXFileReference; lastKnownFileType = sourcecode.swift; path = AppDelegate.swift; sourceTree = "<group>"; };
		A48CD09F2B2E2D0F0078B989 /* SceneDelegate.swift */ = {isa = PBXFileReference; lastKnownFileType = sourcecode.swift; path = SceneDelegate.swift; sourceTree = "<group>"; };
		A48CD0A12B2E2D0F0078B989 /* ViewController.swift */ = {isa = PBXFileReference; lastKnownFileType = sourcecode.swift; path = ViewController.swift; sourceTree = "<group>"; };
		A48CD0A62B2E2D100078B989 /* Assets.xcassets */ = {isa = PBXFileReference; lastKnownFileType = folder.assetcatalog; path = Assets.xcassets; sourceTree = "<group>"; };
		A48CD0A92B2E2D100078B989 /* Base */ = {isa = PBXFileReference; lastKnownFileType = file.storyboard; name = Base; path = Base.lproj/LaunchScreen.storyboard; sourceTree = "<group>"; };
		A48CD0AB2B2E2D100078B989 /* Info.plist */ = {isa = PBXFileReference; lastKnownFileType = text.plist.xml; path = Info.plist; sourceTree = "<group>"; };
		A48CD0B02B2E2D100078B989 /* Project9Tests.xctest */ = {isa = PBXFileReference; explicitFileType = wrapper.cfbundle; includeInIndex = 0; path = Project9Tests.xctest; sourceTree = BUILT_PRODUCTS_DIR; };
		A48CD0B42B2E2D100078B989 /* Project9Tests.swift */ = {isa = PBXFileReference; lastKnownFileType = sourcecode.swift; path = Project9Tests.swift; sourceTree = "<group>"; };
		A48CD0BA2B2E2D100078B989 /* Project9UITests.xctest */ = {isa = PBXFileReference; explicitFileType = wrapper.cfbundle; includeInIndex = 0; path = Project9UITests.xctest; sourceTree = BUILT_PRODUCTS_DIR; };
		A48CD0BE2B2E2D100078B989 /* Project9UITests.swift */ = {isa = PBXFileReference; lastKnownFileType = sourcecode.swift; path = Project9UITests.swift; sourceTree = "<group>"; };
		A48CD0C02B2E2D100078B989 /* Project9UITestsLaunchTests.swift */ = {isa = PBXFileReference; lastKnownFileType = sourcecode.swift; path = Project9UITestsLaunchTests.swift; sourceTree = "<group>"; };
		A48CD0CE2B2E2D730078B989 /* DetailViewController.swift */ = {isa = PBXFileReference; fileEncoding = 4; lastKnownFileType = sourcecode.swift; path = DetailViewController.swift; sourceTree = "<group>"; };
		A48CD0CF2B2E2D730078B989 /* Petitions.swift */ = {isa = PBXFileReference; fileEncoding = 4; lastKnownFileType = sourcecode.swift; path = Petitions.swift; sourceTree = "<group>"; };
		A48CD0D02B2E2D730078B989 /* Petition.swift */ = {isa = PBXFileReference; fileEncoding = 4; lastKnownFileType = sourcecode.swift; path = Petition.swift; sourceTree = "<group>"; };
		A48CD0D12B2E2D730078B989 /* Main.storyboard */ = {isa = PBXFileReference; fileEncoding = 4; lastKnownFileType = file.storyboard; path = Main.storyboard; sourceTree = "<group>"; };
/* End PBXFileReference section */

/* Begin PBXFrameworksBuildPhase section */
		A48CD0972B2E2D0F0078B989 /* Frameworks */ = {
			isa = PBXFrameworksBuildPhase;
			buildActionMask = 2147483647;
			files = (
			);
			runOnlyForDeploymentPostprocessing = 0;
		};
		A48CD0AD2B2E2D100078B989 /* Frameworks */ = {
			isa = PBXFrameworksBuildPhase;
			buildActionMask = 2147483647;
			files = (
			);
			runOnlyForDeploymentPostprocessing = 0;
		};
		A48CD0B72B2E2D100078B989 /* Frameworks */ = {
			isa = PBXFrameworksBuildPhase;
			buildActionMask = 2147483647;
			files = (
			);
			runOnlyForDeploymentPostprocessing = 0;
		};
/* End PBXFrameworksBuildPhase section */

/* Begin PBXGroup section */
		A48CD0912B2E2D0F0078B989 = {
			isa = PBXGroup;
			children = (
				A48CD09C2B2E2D0F0078B989 /* Project9 */,
				A48CD0B32B2E2D100078B989 /* Project9Tests */,
				A48CD0BD2B2E2D100078B989 /* Project9UITests */,
				A48CD09B2B2E2D0F0078B989 /* Products */,
			);
			sourceTree = "<group>";
		};
		A48CD09B2B2E2D0F0078B989 /* Products */ = {
			isa = PBXGroup;
			children = (
				A48CD09A2B2E2D0F0078B989 /* Project9.app */,
				A48CD0B02B2E2D100078B989 /* Project9Tests.xctest */,
				A48CD0BA2B2E2D100078B989 /* Project9UITests.xctest */,
			);
			name = Products;
			sourceTree = "<group>";
		};
		A48CD09C2B2E2D0F0078B989 /* Project9 */ = {
			isa = PBXGroup;
			children = (
				A48CD0CE2B2E2D730078B989 /* DetailViewController.swift */,
				A48CD0D12B2E2D730078B989 /* Main.storyboard */,
				A48CD0D02B2E2D730078B989 /* Petition.swift */,
				A48CD0CF2B2E2D730078B989 /* Petitions.swift */,
				A48CD09D2B2E2D0F0078B989 /* AppDelegate.swift */,
				A48CD09F2B2E2D0F0078B989 /* SceneDelegate.swift */,
				A48CD0A12B2E2D0F0078B989 /* ViewController.swift */,
				A48CD0A62B2E2D100078B989 /* Assets.xcassets */,
				A48CD0A82B2E2D100078B989 /* LaunchScreen.storyboard */,
				A48CD0AB2B2E2D100078B989 /* Info.plist */,
			);
			path = Project9;
			sourceTree = "<group>";
		};
		A48CD0B32B2E2D100078B989 /* Project9Tests */ = {
			isa = PBXGroup;
			children = (
				A48CD0B42B2E2D100078B989 /* Project9Tests.swift */,
			);
			path = Project9Tests;
			sourceTree = "<group>";
		};
		A48CD0BD2B2E2D100078B989 /* Project9UITests */ = {
			isa = PBXGroup;
			children = (
				A48CD0BE2B2E2D100078B989 /* Project9UITests.swift */,
				A48CD0C02B2E2D100078B989 /* Project9UITestsLaunchTests.swift */,
			);
			path = Project9UITests;
			sourceTree = "<group>";
		};
/* End PBXGroup section */

/* Begin PBXNativeTarget section */
		A48CD0992B2E2D0F0078B989 /* Project9 */ = {
			isa = PBXNativeTarget;
			buildConfigurationList = A48CD0C42B2E2D100078B989 /* Build configuration list for PBXNativeTarget "Project9" */;
			buildPhases = (
				A48CD0962B2E2D0F0078B989 /* Sources */,
				A48CD0972B2E2D0F0078B989 /* Frameworks */,
				A48CD0982B2E2D0F0078B989 /* Resources */,
			);
			buildRules = (
			);
			dependencies = (
			);
			name = Project9;
			productName = Project9;
			productReference = A48CD09A2B2E2D0F0078B989 /* Project9.app */;
			productType = "com.apple.product-type.application";
		};
		A48CD0AF2B2E2D100078B989 /* Project9Tests */ = {
			isa = PBXNativeTarget;
			buildConfigurationList = A48CD0C72B2E2D100078B989 /* Build configuration list for PBXNativeTarget "Project9Tests" */;
			buildPhases = (
				A48CD0AC2B2E2D100078B989 /* Sources */,
				A48CD0AD2B2E2D100078B989 /* Frameworks */,
				A48CD0AE2B2E2D100078B989 /* Resources */,
			);
			buildRules = (
			);
			dependencies = (
				A48CD0B22B2E2D100078B989 /* PBXTargetDependency */,
			);
			name = Project9Tests;
			productName = Project9Tests;
			productReference = A48CD0B02B2E2D100078B989 /* Project9Tests.xctest */;
			productType = "com.apple.product-type.bundle.unit-test";
		};
		A48CD0B92B2E2D100078B989 /* Project9UITests */ = {
			isa = PBXNativeTarget;
			buildConfigurationList = A48CD0CA2B2E2D100078B989 /* Build configuration list for PBXNativeTarget "Project9UITests" */;
			buildPhases = (
				A48CD0B62B2E2D100078B989 /* Sources */,
				A48CD0B72B2E2D100078B989 /* Frameworks */,
				A48CD0B82B2E2D100078B989 /* Resources */,
			);
			buildRules = (
			);
			dependencies = (
				A48CD0BC2B2E2D100078B989 /* PBXTargetDependency */,
			);
			name = Project9UITests;
			productName = Project9UITests;
			productReference = A48CD0BA2B2E2D100078B989 /* Project9UITests.xctest */;
			productType = "com.apple.product-type.bundle.ui-testing";
		};
/* End PBXNativeTarget section */

/* Begin PBXProject section */
		A48CD0922B2E2D0F0078B989 /* Project object */ = {
			isa = PBXProject;
			attributes = {
				BuildIndependentTargetsInParallel = 1;
				LastSwiftUpdateCheck = 1500;
				LastUpgradeCheck = 1500;
				TargetAttributes = {
					A48CD0992B2E2D0F0078B989 = {
						CreatedOnToolsVersion = 15.0;
					};
					A48CD0AF2B2E2D100078B989 = {
						CreatedOnToolsVersion = 15.0;
						TestTargetID = A48CD0992B2E2D0F0078B989;
					};
					A48CD0B92B2E2D100078B989 = {
						CreatedOnToolsVersion = 15.0;
						TestTargetID = A48CD0992B2E2D0F0078B989;
					};
				};
			};
			buildConfigurationList = A48CD0952B2E2D0F0078B989 /* Build configuration list for PBXProject "Project9" */;
			compatibilityVersion = "Xcode 14.0";
			developmentRegion = en;
			hasScannedForEncodings = 0;
			knownRegions = (
				en,
				Base,
			);
			mainGroup = A48CD0912B2E2D0F0078B989;
			productRefGroup = A48CD09B2B2E2D0F0078B989 /* Products */;
			projectDirPath = "";
			projectRoot = "";
			targets = (
				A48CD0992B2E2D0F0078B989 /* Project9 */,
				A48CD0AF2B2E2D100078B989 /* Project9Tests */,
				A48CD0B92B2E2D100078B989 /* Project9UITests */,
			);
		};
/* End PBXProject section */

/* Begin PBXResourcesBuildPhase section */
		A48CD0982B2E2D0F0078B989 /* Resources */ = {
			isa = PBXResourcesBuildPhase;
			buildActionMask = 2147483647;
			files = (
				A48CD0AA2B2E2D100078B989 /* LaunchScreen.storyboard in Resources */,
				A48CD0A72B2E2D100078B989 /* Assets.xcassets in Resources */,
				A48CD0D62B2E2D730078B989 /* Main.storyboard in Resources */,
			);
			runOnlyForDeploymentPostprocessing = 0;
		};
		A48CD0AE2B2E2D100078B989 /* Resources */ = {
			isa = PBXResourcesBuildPhase;
			buildActionMask = 2147483647;
			files = (
			);
			runOnlyForDeploymentPostprocessing = 0;
		};
		A48CD0B82B2E2D100078B989 /* Resources */ = {
			isa = PBXResourcesBuildPhase;
			buildActionMask = 2147483647;
			files = (
			);
			runOnlyForDeploymentPostprocessing = 0;
		};
/* End PBXResourcesBuildPhase section */

/* Begin PBXSourcesBuildPhase section */
		A48CD0962B2E2D0F0078B989 /* Sources */ = {
			isa = PBXSourcesBuildPhase;
			buildActionMask = 2147483647;
			files = (
				A48CD0D52B2E2D730078B989 /* Petition.swift in Sources */,
				A48CD0A22B2E2D0F0078B989 /* ViewController.swift in Sources */,
				A48CD0D42B2E2D730078B989 /* Petitions.swift in Sources */,
				A48CD09E2B2E2D0F0078B989 /* AppDelegate.swift in Sources */,
				A48CD0D32B2E2D730078B989 /* DetailViewController.swift in Sources */,
				A48CD0A02B2E2D0F0078B989 /* SceneDelegate.swift in Sources */,
			);
			runOnlyForDeploymentPostprocessing = 0;
		};
		A48CD0AC2B2E2D100078B989 /* Sources */ = {
			isa = PBXSourcesBuildPhase;
			buildActionMask = 2147483647;
			files = (
				A48CD0B52B2E2D100078B989 /* Project9Tests.swift in Sources */,
			);
			runOnlyForDeploymentPostprocessing = 0;
		};
		A48CD0B62B2E2D100078B989 /* Sources */ = {
			isa = PBXSourcesBuildPhase;
			buildActionMask = 2147483647;
			files = (
				A48CD0C12B2E2D100078B989 /* Project9UITestsLaunchTests.swift in Sources */,
				A48CD0BF2B2E2D100078B989 /* Project9UITests.swift in Sources */,
			);
			runOnlyForDeploymentPostprocessing = 0;
		};
/* End PBXSourcesBuildPhase section */

/* Begin PBXTargetDependency section */
		A48CD0B22B2E2D100078B989 /* PBXTargetDependency */ = {
			isa = PBXTargetDependency;
			target = A48CD0992B2E2D0F0078B989 /* Project9 */;
			targetProxy = A48CD0B12B2E2D100078B989 /* PBXContainerItemProxy */;
		};
		A48CD0BC2B2E2D100078B989 /* PBXTargetDependency */ = {
			isa = PBXTargetDependency;
			target = A48CD0992B2E2D0F0078B989 /* Project9 */;
			targetProxy = A48CD0BB2B2E2D100078B989 /* PBXContainerItemProxy */;
		};
/* End PBXTargetDependency section */

/* Begin PBXVariantGroup section */
		A48CD0A82B2E2D100078B989 /* LaunchScreen.storyboard */ = {
			isa = PBXVariantGroup;
			children = (
				A48CD0A92B2E2D100078B989 /* Base */,
			);
			name = LaunchScreen.storyboard;
			sourceTree = "<group>";
		};
/* End PBXVariantGroup section */

/* Begin XCBuildConfiguration section */
		A48CD0C22B2E2D100078B989 /* Debug */ = {
			isa = XCBuildConfiguration;
			buildSettings = {
				ALWAYS_SEARCH_USER_PATHS = NO;
				ASSETCATALOG_COMPILER_GENERATE_SWIFT_ASSET_SYMBOL_EXTENSIONS = YES;
				CLANG_ANALYZER_NONNULL = YES;
				CLANG_ANALYZER_NUMBER_OBJECT_CONVERSION = YES_AGGRESSIVE;
				CLANG_CXX_LANGUAGE_STANDARD = "gnu++20";
				CLANG_ENABLE_MODULES = YES;
				CLANG_ENABLE_OBJC_ARC = YES;
				CLANG_ENABLE_OBJC_WEAK = YES;
				CLANG_WARN_BLOCK_CAPTURE_AUTORELEASING = YES;
				CLANG_WARN_BOOL_CONVERSION = YES;
				CLANG_WARN_COMMA = YES;
				CLANG_WARN_CONSTANT_CONVERSION = YES;
				CLANG_WARN_DEPRECATED_OBJC_IMPLEMENTATIONS = YES;
				CLANG_WARN_DIRECT_OBJC_ISA_USAGE = YES_ERROR;
				CLANG_WARN_DOCUMENTATION_COMMENTS = YES;
				CLANG_WARN_EMPTY_BODY = YES;
				CLANG_WARN_ENUM_CONVERSION = YES;
				CLANG_WARN_INFINITE_RECURSION = YES;
				CLANG_WARN_INT_CONVERSION = YES;
				CLANG_WARN_NON_LITERAL_NULL_CONVERSION = YES;
				CLANG_WARN_OBJC_IMPLICIT_RETAIN_SELF = YES;
				CLANG_WARN_OBJC_LITERAL_CONVERSION = YES;
				CLANG_WARN_OBJC_ROOT_CLASS = YES_ERROR;
				CLANG_WARN_QUOTED_INCLUDE_IN_FRAMEWORK_HEADER = YES;
				CLANG_WARN_RANGE_LOOP_ANALYSIS = YES;
				CLANG_WARN_STRICT_PROTOTYPES = YES;
				CLANG_WARN_SUSPICIOUS_MOVE = YES;
				CLANG_WARN_UNGUARDED_AVAILABILITY = YES_AGGRESSIVE;
				CLANG_WARN_UNREACHABLE_CODE = YES;
				CLANG_WARN__DUPLICATE_METHOD_MATCH = YES;
				COPY_PHASE_STRIP = NO;
				DEBUG_INFORMATION_FORMAT = dwarf;
				ENABLE_STRICT_OBJC_MSGSEND = YES;
				ENABLE_TESTABILITY = YES;
				ENABLE_USER_SCRIPT_SANDBOXING = YES;
				GCC_C_LANGUAGE_STANDARD = gnu17;
				GCC_DYNAMIC_NO_PIC = NO;
				GCC_NO_COMMON_BLOCKS = YES;
				GCC_OPTIMIZATION_LEVEL = 0;
				GCC_PREPROCESSOR_DEFINITIONS = (
					"DEBUG=1",
					"$(inherited)",
				);
				GCC_WARN_64_TO_32_BIT_CONVERSION = YES;
				GCC_WARN_ABOUT_RETURN_TYPE = YES_ERROR;
				GCC_WARN_UNDECLARED_SELECTOR = YES;
				GCC_WARN_UNINITIALIZED_AUTOS = YES_AGGRESSIVE;
				GCC_WARN_UNUSED_FUNCTION = YES;
				GCC_WARN_UNUSED_VARIABLE = YES;
				IPHONEOS_DEPLOYMENT_TARGET = 17.0;
				LOCALIZATION_PREFERS_STRING_CATALOGS = YES;
				MTL_ENABLE_DEBUG_INFO = INCLUDE_SOURCE;
				MTL_FAST_MATH = YES;
				ONLY_ACTIVE_ARCH = YES;
				SDKROOT = iphoneos;
				SWIFT_ACTIVE_COMPILATION_CONDITIONS = "DEBUG $(inherited)";
				SWIFT_OPTIMIZATION_LEVEL = "-Onone";
			};
			name = Debug;
		};
		A48CD0C32B2E2D100078B989 /* Release */ = {
			isa = XCBuildConfiguration;
			buildSettings = {
				ALWAYS_SEARCH_USER_PATHS = NO;
				ASSETCATALOG_COMPILER_GENERATE_SWIFT_ASSET_SYMBOL_EXTENSIONS = YES;
				CLANG_ANALYZER_NONNULL = YES;
				CLANG_ANALYZER_NUMBER_OBJECT_CONVERSION = YES_AGGRESSIVE;
				CLANG_CXX_LANGUAGE_STANDARD = "gnu++20";
				CLANG_ENABLE_MODULES = YES;
				CLANG_ENABLE_OBJC_ARC = YES;
				CLANG_ENABLE_OBJC_WEAK = YES;
				CLANG_WARN_BLOCK_CAPTURE_AUTORELEASING = YES;
				CLANG_WARN_BOOL_CONVERSION = YES;
				CLANG_WARN_COMMA = YES;
				CLANG_WARN_CONSTANT_CONVERSION = YES;
				CLANG_WARN_DEPRECATED_OBJC_IMPLEMENTATIONS = YES;
				CLANG_WARN_DIRECT_OBJC_ISA_USAGE = YES_ERROR;
				CLANG_WARN_DOCUMENTATION_COMMENTS = YES;
				CLANG_WARN_EMPTY_BODY = YES;
				CLANG_WARN_ENUM_CONVERSION = YES;
				CLANG_WARN_INFINITE_RECURSION = YES;
				CLANG_WARN_INT_CONVERSION = YES;
				CLANG_WARN_NON_LITERAL_NULL_CONVERSION = YES;
				CLANG_WARN_OBJC_IMPLICIT_RETAIN_SELF = YES;
				CLANG_WARN_OBJC_LITERAL_CONVERSION = YES;
				CLANG_WARN_OBJC_ROOT_CLASS = YES_ERROR;
				CLANG_WARN_QUOTED_INCLUDE_IN_FRAMEWORK_HEADER = YES;
				CLANG_WARN_RANGE_LOOP_ANALYSIS = YES;
				CLANG_WARN_STRICT_PROTOTYPES = YES;
				CLANG_WARN_SUSPICIOUS_MOVE = YES;
				CLANG_WARN_UNGUARDED_AVAILABILITY = YES_AGGRESSIVE;
				CLANG_WARN_UNREACHABLE_CODE = YES;
				CLANG_WARN__DUPLICATE_METHOD_MATCH = YES;
				COPY_PHASE_STRIP = NO;
				DEBUG_INFORMATION_FORMAT = "dwarf-with-dsym";
				ENABLE_NS_ASSERTIONS = NO;
				ENABLE_STRICT_OBJC_MSGSEND = YES;
				ENABLE_USER_SCRIPT_SANDBOXING = YES;
				GCC_C_LANGUAGE_STANDARD = gnu17;
				GCC_NO_COMMON_BLOCKS = YES;
				GCC_WARN_64_TO_32_BIT_CONVERSION = YES;
				GCC_WARN_ABOUT_RETURN_TYPE = YES_ERROR;
				GCC_WARN_UNDECLARED_SELECTOR = YES;
				GCC_WARN_UNINITIALIZED_AUTOS = YES_AGGRESSIVE;
				GCC_WARN_UNUSED_FUNCTION = YES;
				GCC_WARN_UNUSED_VARIABLE = YES;
				IPHONEOS_DEPLOYMENT_TARGET = 17.0;
				LOCALIZATION_PREFERS_STRING_CATALOGS = YES;
				MTL_ENABLE_DEBUG_INFO = NO;
				MTL_FAST_MATH = YES;
				SDKROOT = iphoneos;
				SWIFT_COMPILATION_MODE = wholemodule;
				VALIDATE_PRODUCT = YES;
			};
			name = Release;
		};
		A48CD0C52B2E2D100078B989 /* Debug */ = {
			isa = XCBuildConfiguration;
			buildSettings = {
				ASSETCATALOG_COMPILER_APPICON_NAME = AppIcon;
				ASSETCATALOG_COMPILER_GLOBAL_ACCENT_COLOR_NAME = AccentColor;
				CODE_SIGN_STYLE = Automatic;
				CURRENT_PROJECT_VERSION = 1;
				GENERATE_INFOPLIST_FILE = YES;
				INFOPLIST_FILE = Project9/Info.plist;
				INFOPLIST_KEY_UIApplicationSupportsIndirectInputEvents = YES;
				INFOPLIST_KEY_UILaunchStoryboardName = LaunchScreen;
				INFOPLIST_KEY_UIMainStoryboardFile = Main;
				INFOPLIST_KEY_UISupportedInterfaceOrientations_iPad = "UIInterfaceOrientationPortrait UIInterfaceOrientationPortraitUpsideDown UIInterfaceOrientationLandscapeLeft UIInterfaceOrientationLandscapeRight";
				INFOPLIST_KEY_UISupportedInterfaceOrientations_iPhone = "UIInterfaceOrientationPortrait UIInterfaceOrientationLandscapeLeft UIInterfaceOrientationLandscapeRight";
				LD_RUNPATH_SEARCH_PATHS = (
					"$(inherited)",
					"@executable_path/Frameworks",
				);
				MARKETING_VERSION = 1.0;
				PRODUCT_BUNDLE_IDENTIFIER = gayeugur.Project9;
				PRODUCT_NAME = "$(TARGET_NAME)";
				SWIFT_EMIT_LOC_STRINGS = YES;
				SWIFT_VERSION = 5.0;
				TARGETED_DEVICE_FAMILY = "1,2";
			};
			name = Debug;
		};
		A48CD0C62B2E2D100078B989 /* Release */ = {
			isa = XCBuildConfiguration;
			buildSettings = {
				ASSETCATALOG_COMPILER_APPICON_NAME = AppIcon;
				ASSETCATALOG_COMPILER_GLOBAL_ACCENT_COLOR_NAME = AccentColor;
				CODE_SIGN_STYLE = Automatic;
				CURRENT_PROJECT_VERSION = 1;
				GENERATE_INFOPLIST_FILE = YES;
				INFOPLIST_FILE = Project9/Info.plist;
				INFOPLIST_KEY_UIApplicationSupportsIndirectInputEvents = YES;
				INFOPLIST_KEY_UILaunchStoryboardName = LaunchScreen;
				INFOPLIST_KEY_UIMainStoryboardFile = Main;
				INFOPLIST_KEY_UISupportedInterfaceOrientations_iPad = "UIInterfaceOrientationPortrait UIInterfaceOrientationPortraitUpsideDown UIInterfaceOrientationLandscapeLeft UIInterfaceOrientationLandscapeRight";
				INFOPLIST_KEY_UISupportedInterfaceOrientations_iPhone = "UIInterfaceOrientationPortrait UIInterfaceOrientationLandscapeLeft UIInterfaceOrientationLandscapeRight";
				LD_RUNPATH_SEARCH_PATHS = (
					"$(inherited)",
					"@executable_path/Frameworks",
				);
				MARKETING_VERSION = 1.0;
				PRODUCT_BUNDLE_IDENTIFIER = gayeugur.Project9;
				PRODUCT_NAME = "$(TARGET_NAME)";
				SWIFT_EMIT_LOC_STRINGS = YES;
				SWIFT_VERSION = 5.0;
				TARGETED_DEVICE_FAMILY = "1,2";
			};
			name = Release;
		};
		A48CD0C82B2E2D100078B989 /* Debug */ = {
			isa = XCBuildConfiguration;
			buildSettings = {
				ALWAYS_EMBED_SWIFT_STANDARD_LIBRARIES = YES;
				BUNDLE_LOADER = "$(TEST_HOST)";
				CODE_SIGN_STYLE = Automatic;
				CURRENT_PROJECT_VERSION = 1;
				GENERATE_INFOPLIST_FILE = YES;
				IPHONEOS_DEPLOYMENT_TARGET = 17.0;
				MARKETING_VERSION = 1.0;
				PRODUCT_BUNDLE_IDENTIFIER = gayeugur.Project9Tests;
				PRODUCT_NAME = "$(TARGET_NAME)";
				SWIFT_EMIT_LOC_STRINGS = NO;
				SWIFT_VERSION = 5.0;
				TARGETED_DEVICE_FAMILY = "1,2";
				TEST_HOST = "$(BUILT_PRODUCTS_DIR)/Project9.app/$(BUNDLE_EXECUTABLE_FOLDER_PATH)/Project9";
			};
			name = Debug;
		};
		A48CD0C92B2E2D100078B989 /* Release */ = {
			isa = XCBuildConfiguration;
			buildSettings = {
				ALWAYS_EMBED_SWIFT_STANDARD_LIBRARIES = YES;
				BUNDLE_LOADER = "$(TEST_HOST)";
				CODE_SIGN_STYLE = Automatic;
				CURRENT_PROJECT_VERSION = 1;
				GENERATE_INFOPLIST_FILE = YES;
				IPHONEOS_DEPLOYMENT_TARGET = 17.0;
				MARKETING_VERSION = 1.0;
				PRODUCT_BUNDLE_IDENTIFIER = gayeugur.Project9Tests;
				PRODUCT_NAME = "$(TARGET_NAME)";
				SWIFT_EMIT_LOC_STRINGS = NO;
				SWIFT_VERSION = 5.0;
				TARGETED_DEVICE_FAMILY = "1,2";
				TEST_HOST = "$(BUILT_PRODUCTS_DIR)/Project9.app/$(BUNDLE_EXECUTABLE_FOLDER_PATH)/Project9";
			};
			name = Release;
		};
		A48CD0CB2B2E2D100078B989 /* Debug */ = {
			isa = XCBuildConfiguration;
			buildSettings = {
				ALWAYS_EMBED_SWIFT_STANDARD_LIBRARIES = YES;
				CODE_SIGN_STYLE = Automatic;
				CURRENT_PROJECT_VERSION = 1;
				GENERATE_INFOPLIST_FILE = YES;
				MARKETING_VERSION = 1.0;
				PRODUCT_BUNDLE_IDENTIFIER = gayeugur.Project9UITests;
				PRODUCT_NAME = "$(TARGET_NAME)";
				SWIFT_EMIT_LOC_STRINGS = NO;
				SWIFT_VERSION = 5.0;
				TARGETED_DEVICE_FAMILY = "1,2";
				TEST_TARGET_NAME = Project9;
			};
			name = Debug;
		};
		A48CD0CC2B2E2D100078B989 /* Release */ = {
			isa = XCBuildConfiguration;
			buildSettings = {
				ALWAYS_EMBED_SWIFT_STANDARD_LIBRARIES = YES;
				CODE_SIGN_STYLE = Automatic;
				CURRENT_PROJECT_VERSION = 1;
				GENERATE_INFOPLIST_FILE = YES;
				MARKETING_VERSION = 1.0;
				PRODUCT_BUNDLE_IDENTIFIER = gayeugur.Project9UITests;
				PRODUCT_NAME = "$(TARGET_NAME)";
				SWIFT_EMIT_LOC_STRINGS = NO;
				SWIFT_VERSION = 5.0;
				TARGETED_DEVICE_FAMILY = "1,2";
				TEST_TARGET_NAME = Project9;
			};
			name = Release;
		};
/* End XCBuildConfiguration section */

/* Begin XCConfigurationList section */
		A48CD0952B2E2D0F0078B989 /* Build configuration list for PBXProject "Project9" */ = {
			isa = XCConfigurationList;
			buildConfigurations = (
				A48CD0C22B2E2D100078B989 /* Debug */,
				A48CD0C32B2E2D100078B989 /* Release */,
			);
			defaultConfigurationIsVisible = 0;
			defaultConfigurationName = Release;
		};
		A48CD0C42B2E2D100078B989 /* Build configuration list for PBXNativeTarget "Project9" */ = {
			isa = XCConfigurationList;
			buildConfigurations = (
				A48CD0C52B2E2D100078B989 /* Debug */,
				A48CD0C62B2E2D100078B989 /* Release */,
			);
			defaultConfigurationIsVisible = 0;
			defaultConfigurationName = Release;
		};
		A48CD0C72B2E2D100078B989 /* Build configuration list for PBXNativeTarget "Project9Tests" */ = {
			isa = XCConfigurationList;
			buildConfigurations = (
				A48CD0C82B2E2D100078B989 /* Debug */,
				A48CD0C92B2E2D100078B989 /* Release */,
			);
			defaultConfigurationIsVisible = 0;
			defaultConfigurationName = Release;
		};
		A48CD0CA2B2E2D100078B989 /* Build configuration list for PBXNativeTarget "Project9UITests" */ = {
			isa = XCConfigurationList;
			buildConfigurations = (
				A48CD0CB2B2E2D100078B989 /* Debug */,
				A48CD0CC2B2E2D100078B989 /* Release */,
			);
			defaultConfigurationIsVisible = 0;
			defaultConfigurationName = Release;
		};
/* End XCConfigurationList section */
	};
	rootObject = A48CD0922B2E2D0F0078B989 /* Project object */;
}
